
Microsoft Visual Studio Solution File, Format Version 12.00
# Visual Studio Version 16
VisualStudioVersion = 16.0.28803.352
MinimumVisualStudioVersion = 10.0.40219.1
Project("{FAE04EC0-301F-11D3-BF4B-00C04F79EFBC}") = "RML_EF", "RML_EF\RML_EF.csproj", "{EBC7DC9D-C7E6-4BE2-8079-96D001693C82}"
EndProject
Global
	GlobalSection(SolutionConfigurationPlatforms) = preSolution
		Debug|Any CPU = Debug|Any CPU
		Release|Any CPU = Release|Any CPU
	EndGlobalSection
	GlobalSection(ProjectConfigurationPlatforms) = postSolution
		{EBC7DC9D-C7E6-4BE2-8079-96D001693C82}.Debug|Any CPU.ActiveCfg = Debug|Any CPU
		{EBC7DC9D-C7E6-4BE2-8079-96D001693C82}.Debug|Any CPU.Build.0 = Debug|Any CPU
		{EBC7DC9D-C7E6-4BE2-8079-96D001693C82}.Release|Any CPU.ActiveCfg = Release|Any CPU
		{EBC7DC9D-C7E6-4BE2-8079-96D001693C82}.Release|Any CPU.Build.0 = Release|Any CPU
	EndGlobalSection
	GlobalSection(SolutionProperties) = preSolution
		HideSolutionNode = FALSE
	EndGlobalSection
	GlobalSection(ExtensibilityGlobals) = postSolution
		SolutionGuid = {46DDCDAF-EFC9-462C-9A21-786B2A68B2EE}
	EndGlobalSection
EndGlobal
